
Microsoft Visual Studio Solution File, Format Version 12.00
# Visual Studio Version 17
VisualStudioVersion = 17.6.33829.357
MinimumVisualStudioVersion = 10.0.40219.1
Project("{8BC9CEB8-8B4A-11D0-8D11-00A0C91BC942}") = "PG2_HK_22", "PG2_HK_22.vcxproj", "{77BBC59E-5D8F-49C1-94DA-D858ECF9A451}"
EndProject
Global
	GlobalSection(SolutionConfigurationPlatforms) = preSolution
		Debug|x64 = Debug|x64
		Release|x64 = Release|x64
	EndGlobalSection
	GlobalSection(ProjectConfigurationPlatforms) = postSolution
		{77BBC59E-5D8F-49C1-94DA-D858ECF9A451}.Debug|x64.ActiveCfg = Debug|x64
		{77BBC59E-5D8F-49C1-94DA-D858ECF9A451}.Debug|x64.Build.0 = Debug|x64
		{77BBC59E-5D8F-49C1-94DA-D858ECF9A451}.Release|x64.ActiveCfg = Release|x64
		{77BBC59E-5D8F-49C1-94DA-D858ECF9A451}.Release|x64.Build.0 = Release|x64
	EndGlobalSection
	GlobalSection(SolutionProperties) = preSolution
		HideSolutionNode = FALSE
	EndGlobalSection
	GlobalSection(ExtensibilityGlobals) = postSolution
		SolutionGuid = {C3E150BD-48A0-4F77-975E-506940801671}
	EndGlobalSection
EndGlobal
